Microsoft Visual Studio Solution File, Format Version 12.00
# Visual Studio Version 16
VisualStudioVersion = 16.0.29806.167
MinimumVisualStudioVersion = 10.0.40219.1
Project("{FAE04EC0-301F-11D3-BF4B-00C04F79EFBC}") = "NQuantLib", "csharp\NQuantLib.csproj", "{928F98EE-7D50-457F-9304-A6818DCF1079}"
EndProject
Project("{8BC9CEB8-8B4A-11D0-8D11-00A0C91BC942}") = "NQuantLibc", "cpp\QuantLibWrapper.vcxproj", "{21183104-9963-4D4F-B7E8-C8A6169FD053}"
EndProject
Project("{2150E333-8FDC-42A3-9474-1A3956D46DE8}") = "Solution Items", "Solution Items", "{5D7A7BF2-3AB0-428A-9D15-BBCCC84E773E}"
	ProjectSection(SolutionItems) = preProject
		Building_NQuantLib.txt = Building_NQuantLib.txt
	EndProjectSection
EndProject
Project("{9A19103F-16F7-4668-BE54-9A1E7A4F7556}") = "CfQuantLib", "CfQuantLib\CfQuantLib.csproj", "{29DEF2FF-D84F-4E1C-8513-C36979D8EFEF}"
EndProject
Project("{2150E333-8FDC-42A3-9474-1A3956D46DE8}") = "Examples", "Examples", "{F028C737-4EF1-4307-A4F0-062BA7FCA7AC}"
EndProject
Project("{9A19103F-16F7-4668-BE54-9A1E7A4F7556}") = "EquityOption", "examples\EquityOption\EquityOption.csproj", "{B686D405-C34A-4599-9811-825B246627BF}"
EndProject
Project("{9A19103F-16F7-4668-BE54-9A1E7A4F7556}") = "BermudanSwaption", "examples\BermudanSwaption\BermudanSwaption.csproj", "{933E6F45-91A9-41DA-961B-4F37C37BAE63}"
EndProject
Project("{9A19103F-16F7-4668-BE54-9A1E7A4F7556}") = "FxForwardValuation", "examples\FxForwardValuation\FxForwardValuation.csproj", "{35B87FD6-A014-4EB8-BC5E-192F5D5F04BA}"
EndProject
Global
	GlobalSection(SolutionConfigurationPlatforms) = preSolution
		Debug|Any CPU = Debug|Any CPU
		Debug|Win32 = Debug|Win32
		Debug|x64 = Debug|x64
		Debug|x86 = Debug|x86
		Release|Any CPU = Release|Any CPU
		Release|Win32 = Release|Win32
		Release|x64 = Release|x64
		Release|x86 = Release|x86
	EndGlobalSection
	GlobalSection(ProjectConfigurationPlatforms) = postSolution
		{928F98EE-7D50-457F-9304-A6818DCF1079}.Debug|Any CPU.ActiveCfg = Debug|Any CPU
		{928F98EE-7D50-457F-9304-A6818DCF1079}.Debug|Any CPU.Build.0 = Debug|Any CPU
		{928F98EE-7D50-457F-9304-A6818DCF1079}.Debug|Win32.ActiveCfg = Debug|Win32
		{928F98EE-7D50-457F-9304-A6818DCF1079}.Debug|Win32.Build.0 = Debug|Win32
		{928F98EE-7D50-457F-9304-A6818DCF1079}.Debug|x64.ActiveCfg = Debug|x64
		{928F98EE-7D50-457F-9304-A6818DCF1079}.Debug|x64.Build.0 = Debug|x64
		{928F98EE-7D50-457F-9304-A6818DCF1079}.Debug|x86.ActiveCfg = Debug|Win32
		{928F98EE-7D50-457F-9304-A6818DCF1079}.Debug|x86.Build.0 = Debug|Win32
		{928F98EE-7D50-457F-9304-A6818DCF1079}.Release|Any CPU.ActiveCfg = Release|Any CPU
		{928F98EE-7D50-457F-9304-A6818DCF1079}.Release|Any CPU.Build.0 = Release|Any CPU
		{928F98EE-7D50-457F-9304-A6818DCF1079}.Release|Win32.ActiveCfg = Debug|Win32
		{928F98EE-7D50-457F-9304-A6818DCF1079}.Release|Win32.Build.0 = Debug|Win32
		{928F98EE-7D50-457F-9304-A6818DCF1079}.Release|x64.ActiveCfg = Release|x64
		{928F98EE-7D50-457F-9304-A6818DCF1079}.Release|x64.Build.0 = Release|x64
		{928F98EE-7D50-457F-9304-A6818DCF1079}.Release|x86.ActiveCfg = Debug|Win32
		{928F98EE-7D50-457F-9304-A6818DCF1079}.Release|x86.Build.0 = Debug|Win32
		{21183104-9963-4D4F-B7E8-C8A6169FD053}.Debug|Any CPU.ActiveCfg = Debug|Win32
		{21183104-9963-4D4F-B7E8-C8A6169FD053}.Debug|Win32.ActiveCfg = Debug|Win32
		{21183104-9963-4D4F-B7E8-C8A6169FD053}.Debug|Win32.Build.0 = Debug|Win32
		{21183104-9963-4D4F-B7E8-C8A6169FD053}.Debug|x64.ActiveCfg = Debug|x64
		{21183104-9963-4D4F-B7E8-C8A6169FD053}.Debug|x64.Build.0 = Debug|x64
		{21183104-9963-4D4F-B7E8-C8A6169FD053}.Debug|x86.ActiveCfg = Debug|Win32
		{21183104-9963-4D4F-B7E8-C8A6169FD053}.Debug|x86.Build.0 = Debug|Win32
		{21183104-9963-4D4F-B7E8-C8A6169FD053}.Release|Any CPU.ActiveCfg = Release|Win32
		{21183104-9963-4D4F-B7E8-C8A6169FD053}.Release|Win32.ActiveCfg = Debug|Win32
		{21183104-9963-4D4F-B7E8-C8A6169FD053}.Release|Win32.Build.0 = Debug|Win32
		{21183104-9963-4D4F-B7E8-C8A6169FD053}.Release|x64.ActiveCfg = Release|x64
		{21183104-9963-4D4F-B7E8-C8A6169FD053}.Release|x64.Build.0 = Release|x64
		{21183104-9963-4D4F-B7E8-C8A6169FD053}.Release|x86.ActiveCfg = Debug|Win32
		{21183104-9963-4D4F-B7E8-C8A6169FD053}.Release|x86.Build.0 = Debug|Win32
		{29DEF2FF-D84F-4E1C-8513-C36979D8EFEF}.Debug|Any CPU.ActiveCfg = Debug|Any CPU
		{29DEF2FF-D84F-4E1C-8513-C36979D8EFEF}.Debug|Any CPU.Build.0 = Debug|Any CPU
		{29DEF2FF-D84F-4E1C-8513-C36979D8EFEF}.Debug|Win32.ActiveCfg = Debug|Win32
		{29DEF2FF-D84F-4E1C-8513-C36979D8EFEF}.Debug|Win32.Build.0 = Debug|Win32
		{29DEF2FF-D84F-4E1C-8513-C36979D8EFEF}.Debug|x64.ActiveCfg = Debug|Any CPU
		{29DEF2FF-D84F-4E1C-8513-C36979D8EFEF}.Debug|x64.Build.0 = Debug|Any CPU
		{29DEF2FF-D84F-4E1C-8513-C36979D8EFEF}.Debug|x86.ActiveCfg = Debug|Any CPU
		{29DEF2FF-D84F-4E1C-8513-C36979D8EFEF}.Debug|x86.Build.0 = Debug|Any CPU
		{29DEF2FF-D84F-4E1C-8513-C36979D8EFEF}.Release|Any CPU.ActiveCfg = Release|Any CPU
		{29DEF2FF-D84F-4E1C-8513-C36979D8EFEF}.Release|Any CPU.Build.0 = Release|Any CPU
		{29DEF2FF-D84F-4E1C-8513-C36979D8EFEF}.Release|Win32.ActiveCfg = Debug|Any CPU
		{29DEF2FF-D84F-4E1C-8513-C36979D8EFEF}.Release|Win32.Build.0 = Debug|Any CPU
		{29DEF2FF-D84F-4E1C-8513-C36979D8EFEF}.Release|x64.ActiveCfg = Release|Any CPU
		{29DEF2FF-D84F-4E1C-8513-C36979D8EFEF}.Release|x64.Build.0 = Release|Any CPU
		{29DEF2FF-D84F-4E1C-8513-C36979D8EFEF}.Release|x86.ActiveCfg = Release|Win32
		{29DEF2FF-D84F-4E1C-8513-C36979D8EFEF}.Release|x86.Build.0 = Release|Win32
		{B686D405-C34A-4599-9811-825B246627BF}.Debug|Any CPU.ActiveCfg = Debug|Any CPU
		{B686D405-C34A-4599-9811-825B246627BF}.Debug|Any CPU.Build.0 = Debug|Any CPU
		{B686D405-C34A-4599-9811-825B246627BF}.Debug|Win32.ActiveCfg = Debug|Win32
		{B686D405-C34A-4599-9811-825B246627BF}.Debug|Win32.Build.0 = Debug|Win32
		{B686D405-C34A-4599-9811-825B246627BF}.Debug|x64.ActiveCfg = Debug|Any CPU
		{B686D405-C34A-4599-9811-825B246627BF}.Debug|x64.Build.0 = Debug|Any CPU
		{B686D405-C34A-4599-9811-825B246627BF}.Debug|x86.ActiveCfg = Debug|Any CPU
		{B686D405-C34A-4599-9811-825B246627BF}.Debug|x86.Build.0 = Debug|Any CPU
		{B686D405-C34A-4599-9811-825B246627BF}.Release|Any CPU.ActiveCfg = Release|Any CPU
		{B686D405-C34A-4599-9811-825B246627BF}.Release|Any CPU.Build.0 = Release|Any CPU
		{B686D405-C34A-4599-9811-825B246627BF}.Release|Win32.ActiveCfg = Debug|Any CPU
		{B686D405-C34A-4599-9811-825B246627BF}.Release|Win32.Build.0 = Debug|Any CPU
		{B686D405-C34A-4599-9811-825B246627BF}.Release|x64.ActiveCfg = Release|Any CPU
		{B686D405-C34A-4599-9811-825B246627BF}.Release|x64.Build.0 = Release|Any CPU
		{B686D405-C34A-4599-9811-825B246627BF}.Release|x86.ActiveCfg = Release|Win32
		{B686D405-C34A-4599-9811-825B246627BF}.Release|x86.Build.0 = Release|Win32
		{933E6F45-91A9-41DA-961B-4F37C37BAE63}.Debug|Any CPU.ActiveCfg = Debug|Any CPU
		{933E6F45-91A9-41DA-961B-4F37C37BAE63}.Debug|Any CPU.Build.0 = Debug|Any CPU
		{933E6F45-91A9-41DA-961B-4F37C37BAE63}.Debug|Win32.ActiveCfg = Debug|Any CPU
		{933E6F45-91A9-41DA-961B-4F37C37BAE63}.Debug|Win32.Build.0 = Debug|Any CPU
		{933E6F45-91A9-41DA-961B-4F37C37BAE63}.Debug|x64.ActiveCfg = Debug|Any CPU
		{933E6F45-91A9-41DA-961B-4F37C37BAE63}.Debug|x64.Build.0 = Debug|Any CPU
		{933E6F45-91A9-41DA-961B-4F37C37BAE63}.Debug|x86.ActiveCfg = Debug|Any CPU
		{933E6F45-91A9-41DA-961B-4F37C37BAE63}.Debug|x86.Build.0 = Debug|Any CPU
		{933E6F45-91A9-41DA-961B-4F37C37BAE63}.Release|Any CPU.ActiveCfg = Release|Any CPU
		{933E6F45-91A9-41DA-961B-4F37C37BAE63}.Release|Any CPU.Build.0 = Release|Any CPU
		{933E6F45-91A9-41DA-961B-4F37C37BAE63}.Release|Win32.ActiveCfg = Release|Any CPU
		{933E6F45-91A9-41DA-961B-4F37C37BAE63}.Release|Win32.Build.0 = Release|Any CPU
		{933E6F45-91A9-41DA-961B-4F37C37BAE63}.Release|x64.ActiveCfg = Release|Any CPU
		{933E6F45-91A9-41DA-961B-4F37C37BAE63}.Release|x64.Build.0 = Release|Any CPU
		{933E6F45-91A9-41DA-961B-4F37C37BAE63}.Release|x86.ActiveCfg = Release|Any CPU
		{933E6F45-91A9-41DA-961B-4F37C37BAE63}.Release|x86.Build.0 = Release|Any CPU
		{35B87FD6-A014-4EB8-BC5E-192F5D5F04BA}.Debug|Any CPU.ActiveCfg = Debug|Any CPU
		{35B87FD6-A014-4EB8-BC5E-192F5D5F04BA}.Debug|Any CPU.Build.0 = Debug|Any CPU
		{35B87FD6-A014-4EB8-BC5E-192F5D5F04BA}.Debug|Win32.ActiveCfg = Debug|Any CPU
		{35B87FD6-A014-4EB8-BC5E-192F5D5F04BA}.Debug|Win32.Build.0 = Debug|Any CPU
		{35B87FD6-A014-4EB8-BC5E-192F5D5F04BA}.Debug|x64.ActiveCfg = Debug|Any CPU
		{35B87FD6-A014-4EB8-BC5E-192F5D5F04BA}.Debug|x64.Build.0 = Debug|Any CPU
		{35B87FD6-A014-4EB8-BC5E-192F5D5F04BA}.Debug|x86.ActiveCfg = Debug|Any CPU
		{35B87FD6-A014-4EB8-BC5E-192F5D5F04BA}.Debug|x86.Build.0 = Debug|Any CPU
		{35B87FD6-A014-4EB8-BC5E-192F5D5F04BA}.Release|Any CPU.ActiveCfg = Release|Any CPU
		{35B87FD6-A014-4EB8-BC5E-192F5D5F04BA}.Release|Any CPU.Build.0 = Release|Any CPU
		{35B87FD6-A014-4EB8-BC5E-192F5D5F04BA}.Release|Win32.ActiveCfg = Release|Any CPU
		{35B87FD6-A014-4EB8-BC5E-192F5D5F04BA}.Release|Win32.Build.0 = Release|Any CPU
		{35B87FD6-A014-4EB8-BC5E-192F5D5F04BA}.Release|x64.ActiveCfg = Release|Any CPU
		{35B87FD6-A014-4EB8-BC5E-192F5D5F04BA}.Release|x64.Build.0 = Release|Any CPU
		{35B87FD6-A014-4EB8-BC5E-192F5D5F04BA}.Release|x86.ActiveCfg = Release|Any CPU
		{35B87FD6-A014-4EB8-BC5E-192F5D5F04BA}.Release|x86.Build.0 = Release|Any CPU
	EndGlobalSection
	GlobalSection(SolutionProperties) = preSolution
		HideSolutionNode = FALSE
	EndGlobalSection
	GlobalSection(NestedProjects) = preSolution
		{B686D405-C34A-4599-9811-825B246627BF} = {F028C737-4EF1-4307-A4F0-062BA7FCA7AC}
		{933E6F45-91A9-41DA-961B-4F37C37BAE63} = {F028C737-4EF1-4307-A4F0-062BA7FCA7AC}
		{35B87FD6-A014-4EB8-BC5E-192F5D5F04BA} = {F028C737-4EF1-4307-A4F0-062BA7FCA7AC}
	EndGlobalSection
	GlobalSection(ExtensibilityGlobals) = postSolution
		SolutionGuid = {D5BBFE5C-9A6B-487F-B52C-E7766E716270}
	EndGlobalSection
EndGlobal
